{
  "requires": true,
  "lockfileVersion": 1,
  "dependencies": {
    "react-flip-move": {
      "version": "3.0.4",
      "resolved": "https://registry.npmjs.org/react-flip-move/-/react-flip-move-3.0.4.tgz",
      "integrity": "sha512-HyUVv9g3t/BS7Yz9HgrtYSWyRNdR2F81nkj+C5iRY675AwlqCLB5JU9mnZWg0cdVz7IM4iquoyZx70vzZv3Z8Q=="
    },
    "w3-css": {
      "version": "4.1.0",
      "resolved": "https://registry.npmjs.org/w3-css/-/w3-css-4.1.0.tgz",
      "integrity": "sha512-nBomstRa3ITEDFG3EsYvVijueT3O1iwmjf96656VOR2BG6cwfkKwtwy/Gat7golUaA9ULPZPpo/Vj+3mYkeVfw=="
    }
  }
}
